
Microsoft Visual Studio Solution File, Format Version 12.00
# Visual Studio Version 16
VisualStudioVersion = 16.0.32901.82
MinimumVisualStudioVersion = 10.0.40219.1
Project("{FAE04EC0-301F-11D3-BF4B-00C04F79EFBC}") = "EPAM_TAO_CORE_UI_TAF", "EPAM_TAO_CORE_UI_TAF\EPAM_TAO_CORE_UI_TAF.csproj", "{F61FA2F7-187A-4915-B1E6-D2F57E1E1C01}"
EndProject
Global
	GlobalSection(SolutionConfigurationPlatforms) = preSolution
		Debug|Any CPU = Debug|Any CPU
		Release|Any CPU = Release|Any CPU
	EndGlobalSection
	GlobalSection(ProjectConfigurationPlatforms) = postSolution
		{F61FA2F7-187A-4915-B1E6-D2F57E1E1C01}.Debug|Any CPU.ActiveCfg = Debug|Any CPU
		{F61FA2F7-187A-4915-B1E6-D2F57E1E1C01}.Debug|Any CPU.Build.0 = Debug|Any CPU
		{F61FA2F7-187A-4915-B1E6-D2F57E1E1C01}.Release|Any CPU.ActiveCfg = Release|Any CPU
		{F61FA2F7-187A-4915-B1E6-D2F57E1E1C01}.Release|Any CPU.Build.0 = Release|Any CPU
	EndGlobalSection
	GlobalSection(SolutionProperties) = preSolution
		HideSolutionNode = FALSE
	EndGlobalSection
	GlobalSection(ExtensibilityGlobals) = postSolution
		SolutionGuid = {7A1B7542-7618-4568-9C96-512F366D07E8}
	EndGlobalSection
EndGlobal
